
Microsoft Visual Studio Solution File, Format Version 12.00
# Visual Studio Version 16
VisualStudioVersion = 16.0.28917.181
MinimumVisualStudioVersion = 10.0.40219.1
Project("{FAE04EC0-301F-11D3-BF4B-00C04F79EFBC}") = "EjercicioLunes2", "EjercicioLunes2\EjercicioLunes2.csproj", "{50ACB0BC-2447-43A0-9094-9DEC1B8EA868}"
EndProject
Global
	GlobalSection(SolutionConfigurationPlatforms) = preSolution
		Debug|Any CPU = Debug|Any CPU
		Release|Any CPU = Release|Any CPU
	EndGlobalSection
	GlobalSection(ProjectConfigurationPlatforms) = postSolution
		{50ACB0BC-2447-43A0-9094-9DEC1B8EA868}.Debug|Any CPU.ActiveCfg = Debug|Any CPU
		{50ACB0BC-2447-43A0-9094-9DEC1B8EA868}.Debug|Any CPU.Build.0 = Debug|Any CPU
		{50ACB0BC-2447-43A0-9094-9DEC1B8EA868}.Release|Any CPU.ActiveCfg = Release|Any CPU
		{50ACB0BC-2447-43A0-9094-9DEC1B8EA868}.Release|Any CPU.Build.0 = Release|Any CPU
	EndGlobalSection
	GlobalSection(SolutionProperties) = preSolution
		HideSolutionNode = FALSE
	EndGlobalSection
	GlobalSection(ExtensibilityGlobals) = postSolution
		SolutionGuid = {10729080-D0D0-4781-9C16-4CA87BDC98FB}
	EndGlobalSection
EndGlobal
